
Microsoft Visual Studio Solution File, Format Version 12.00
# Visual Studio Version 16
VisualStudioVersion = 16.0.29613.14
MinimumVisualStudioVersion = 10.0.40219.1
Project("{FAE04EC0-301F-11D3-BF4B-00C04F79EFBC}") = "WebApplication", "WebApplication\WebApplication.csproj", "{9BFCFCB0-1595-4325-BF97-7714A667BDB5}"
EndProject
Global
	GlobalSection(SolutionConfigurationPlatforms) = preSolution
		Debug|Any CPU = Debug|Any CPU
		Release|Any CPU = Release|Any CPU
	EndGlobalSection
	GlobalSection(ProjectConfigurationPlatforms) = postSolution
		{9BFCFCB0-1595-4325-BF97-7714A667BDB5}.Debug|Any CPU.ActiveCfg = Debug|Any CPU
		{9BFCFCB0-1595-4325-BF97-7714A667BDB5}.Debug|Any CPU.Build.0 = Debug|Any CPU
		{9BFCFCB0-1595-4325-BF97-7714A667BDB5}.Release|Any CPU.ActiveCfg = Release|Any CPU
		{9BFCFCB0-1595-4325-BF97-7714A667BDB5}.Release|Any CPU.Build.0 = Release|Any CPU
	EndGlobalSection
	GlobalSection(SolutionProperties) = preSolution
		HideSolutionNode = FALSE
	EndGlobalSection
	GlobalSection(ExtensibilityGlobals) = postSolution
		SolutionGuid = {5C601145-F421-41B5-B51B-0784337BE5A7}
	EndGlobalSection
EndGlobal
