
Microsoft Visual Studio Solution File, Format Version 12.00
# Visual Studio 15
VisualStudioVersion = 15.0.28010.2016
MinimumVisualStudioVersion = 10.0.40219.1
Project("{FAE04EC0-301F-11D3-BF4B-00C04F79EFBC}") = "LINQ_first", "LINQ_first\LINQ_first.csproj", "{D96714ED-9ED2-4430-8AB6-FD6692CF51F9}"
EndProject
Global
	GlobalSection(SolutionConfigurationPlatforms) = preSolution
		Debug|Any CPU = Debug|Any CPU
		Release|Any CPU = Release|Any CPU
	EndGlobalSection
	GlobalSection(ProjectConfigurationPlatforms) = postSolution
		{D96714ED-9ED2-4430-8AB6-FD6692CF51F9}.Debug|Any CPU.ActiveCfg = Debug|Any CPU
		{D96714ED-9ED2-4430-8AB6-FD6692CF51F9}.Debug|Any CPU.Build.0 = Debug|Any CPU
		{D96714ED-9ED2-4430-8AB6-FD6692CF51F9}.Release|Any CPU.ActiveCfg = Release|Any CPU
		{D96714ED-9ED2-4430-8AB6-FD6692CF51F9}.Release|Any CPU.Build.0 = Release|Any CPU
	EndGlobalSection
	GlobalSection(SolutionProperties) = preSolution
		HideSolutionNode = FALSE
	EndGlobalSection
	GlobalSection(ExtensibilityGlobals) = postSolution
		SolutionGuid = {2D24D6DC-2D92-4F30-B06A-6D74C57A43FC}
	EndGlobalSection
EndGlobal
